{
  "name": "website",
  "version": "0.0.0",
  "lockfileVersion": 1,
  "requires": true,
  "dependencies": {
    "@babel/parser": {
      "version": "7.15.7",
      "resolved": "https://r.cnpmjs.org/@babel/parser/download/@babel/parser-7.15.7.tgz",
      "integrity": "sha1-DD7UousHsWXfqFs8xFxyczTE7a4="
    },
    "@vitejs/plugin-vue": {
      "version": "1.9.0",
      "resolved": "https://r.cnpmjs.org/@vitejs/plugin-vue/download/@vitejs/plugin-vue-1.9.0.tgz",
      "integrity": "sha1-rkWKLqrB0G76yNcaRCfV10JGbXI=",
      "dev": true
    },
    "@vue/compiler-core": {
      "version": "3.2.14",
      "resolved": "https://r.cnpmjs.org/@vue/compiler-core/download/@vue/compiler-core-3.2.14.tgz",
      "integrity": "sha1-CTv1cu4qbH7es6FbEwG5EDde5Pw=",
      "requires": {
        "@babel/parser": "^7.15.0",
        "@vue/shared": "3.2.14",
        "estree-walker": "^2.0.2",
        "source-map": "^0.6.1"
      }
    },
    "@vue/compiler-dom": {
      "version": "3.2.14",
      "resolved": "https://r.cnpmjs.org/@vue/compiler-dom/download/@vue/compiler-dom-3.2.14.tgz",
      "integrity": "sha1-rN2rrpRwTfVDRI4qwx/kdqcNgwc=",
      "requires": {
        "@vue/compiler-core": "3.2.14",
        "@vue/shared": "3.2.14"
      }
    },
    "@vue/compiler-sfc": {
      "version": "3.2.14",
      "resolved": "https://r.cnpmjs.org/@vue/compiler-sfc/download/@vue/compiler-sfc-3.2.14.tgz",
      "integrity": "sha1-9I7v6MM1AtWGHMG7/l/Svw5n0tI=",
      "requires": {
        "@babel/parser": "^7.15.0",
        "@vue/compiler-core": "3.2.14",
        "@vue/compiler-dom": "3.2.14",
        "@vue/compiler-ssr": "3.2.14",
        "@vue/ref-transform": "3.2.14",
        "@vue/shared": "3.2.14",
        "estree-walker": "^2.0.2",
        "magic-string": "^0.25.7",
        "postcss": "^8.1.10",
        "source-map": "^0.6.1"
      }
    },
    "@vue/compiler-ssr": {
      "version": "3.2.14",
      "resolved": "https://r.cnpmjs.org/@vue/compiler-ssr/download/@vue/compiler-ssr-3.2.14.tgz",
      "integrity": "sha1-dSBMEHldYd0/9FsPmbqXs9hMrhE=",
      "requires": {
        "@vue/compiler-dom": "3.2.14",
        "@vue/shared": "3.2.14"
      }
    },
    "@vue/reactivity": {
      "version": "3.2.14",
      "resolved": "https://r.cnpmjs.org/@vue/reactivity/download/@vue/reactivity-3.2.14.tgz",
      "integrity": "sha1-XLFSCe6TE8tQ7Zsg/dEI6iqQT3c=",
      "requires": {
        "@vue/shared": "3.2.14"
      }
    },
    "@vue/ref-transform": {
      "version": "3.2.14",
      "resolved": "https://r.cnpmjs.org/@vue/ref-transform/download/@vue/ref-transform-3.2.14.tgz",
      "integrity": "sha1-qnPLmasI1PyAjrpjO5wC2VTNoxo=",
      "requires": {
        "@babel/parser": "^7.15.0",
        "@vue/compiler-core": "3.2.14",
        "@vue/shared": "3.2.14",
        "estree-walker": "^2.0.2",
        "magic-string": "^0.25.7"
      }
    },
    "@vue/runtime-core": {
      "version": "3.2.14",
      "resolved": "https://r.cnpmjs.org/@vue/runtime-core/download/@vue/runtime-core-3.2.14.tgz",
      "integrity": "sha1-jbnWrWaCzVqrDMRlaoqcU+8uLHo=",
      "requires": {
        "@vue/reactivity": "3.2.14",
        "@vue/shared": "3.2.14"
      }
    },
    "@vue/runtime-dom": {
      "version": "3.2.14",
      "resolved": "https://r.cnpmjs.org/@vue/runtime-dom/download/@vue/runtime-dom-3.2.14.tgz",
      "integrity": "sha1-yg2WL8ud7DfIkEUzoyRv3FDsrmY=",
      "requires": {
        "@vue/runtime-core": "3.2.14",
        "@vue/shared": "3.2.14",
        "csstype": "^2.6.8"
      }
    },
    "@vue/server-renderer": {
      "version": "3.2.14",
      "resolved": "https://r.cnpmjs.org/@vue/server-renderer/download/@vue/server-renderer-3.2.14.tgz",
      "integrity": "sha1-cxz32WZuesbVbYxHanbdJgvw0rQ=",
      "requires": {
        "@vue/compiler-ssr": "3.2.14",
        "@vue/shared": "3.2.14"
      }
    },
    "@vue/shared": {
      "version": "3.2.14",
      "resolved": "https://r.cnpmjs.org/@vue/shared/download/@vue/shared-3.2.14.tgz",
      "integrity": "sha1-m4ggmKAEuZUSS3V3s1cTWmbZIu8="
    },
    "csstype": {
      "version": "2.6.18",
      "resolved": "https://r.cnpmjs.org/csstype/download/csstype-2.6.18.tgz",
      "integrity": "sha1-mAqLUwhfNK8xNBCvBk8r0kF4Qhg="
    },
    "esbuild": {
      "version": "0.12.29",
      "resolved": "https://r.cnpmjs.org/esbuild/download/esbuild-0.12.29.tgz",
      "integrity": "sha1-vmAtt8TceJRKnb3g0eoZ02wfiC0=",
      "dev": true
    },
    "estree-walker": {
      "version": "2.0.2",
      "resolved": "https://r.cnpmjs.org/estree-walker/download/estree-walker-2.0.2.tgz",
      "integrity": "sha1-UvAQF4wqTBF6d1fP6UKtt9LaTKw="
    },
    "fsevents": {
      "version": "2.3.2",
      "resolved": "https://r.cnpmjs.org/fsevents/download/fsevents-2.3.2.tgz",
      "integrity": "sha1-ilJveLj99GI7cJ4Ll1xSwkwC/Ro=",
      "dev": true,
      "optional": true
    },
    "function-bind": {
      "version": "1.1.1",
      "resolved": "https://r.cnpmjs.org/function-bind/download/function-bind-1.1.1.tgz",
      "integrity": "sha1-pWiZ0+o8m6uHS7l3O3xe3pL0iV0=",
      "dev": true
    },
    "has": {
      "version": "1.0.3",
      "resolved": "https://r.cnpmjs.org/has/download/has-1.0.3.tgz",
      "integrity": "sha1-ci18v8H2qoJB8W3YFOAR4fQeh5Y=",
      "dev": true,
      "requires": {
        "function-bind": "^1.1.1"
      }
    },
    "is-core-module": {
      "version": "2.6.0",
      "resolved": "https://r.cnpmjs.org/is-core-module/download/is-core-module-2.6.0.tgz",
      "integrity": "sha1-11U7JSb+Wbkro+QMjfdX7Ipwnhk=",
      "dev": true,
      "requires": {
        "has": "^1.0.3"
      }
    },
    "magic-string": {
      "version": "0.25.7",
      "resolved": "https://r.cnpmjs.org/magic-string/download/magic-string-0.25.7.tgz",
      "integrity": "sha1-P0l9b9NMZpxnmNy4IfLvMfVEUFE=",
      "requires": {
        "sourcemap-codec": "^1.4.4"
      }
    },
    "nanocolors": {
      "version": "0.1.6",
      "resolved": "https://r.cnpmjs.org/nanocolors/download/nanocolors-0.1.6.tgz",
      "integrity": "sha1-vCNQ0+39v63XrAGMhVrnwTkFpq0="
    },
    "nanoid": {
      "version": "3.1.25",
      "resolved": "https://r.cnpmjs.org/nanoid/download/nanoid-3.1.25.tgz",
      "integrity": "sha1-CcoydHwOVD8OGBS303k0d/nI4VI="
    },
    "path-parse": {
      "version": "1.0.7",
      "resolved": "https://r.cnpmjs.org/path-parse/download/path-parse-1.0.7.tgz",
      "integrity": "sha1-+8EUtgykKzDZ2vWFjkvWi77bZzU=",
      "dev": true
    },
    "postcss": {
      "version": "8.3.7",
      "resolved": "https://r.cnpmjs.org/postcss/download/postcss-8.3.7.tgz",
      "integrity": "sha1-7IhWNYjI2o5Y5yJvdjO1GuIh7to=",
      "requires": {
        "nanocolors": "^0.1.5",
        "nanoid": "^3.1.25",
        "source-map-js": "^0.6.2"
      }
    },
    "resolve": {
      "version": "1.20.0",
      "resolved": "https://r.cnpmjs.org/resolve/download/resolve-1.20.0.tgz",
      "integrity": "sha1-YpoBP7P3B1XW8LeTXMHCxTeLGXU=",
      "dev": true,
      "requires": {
        "is-core-module": "^2.2.0",
        "path-parse": "^1.0.6"
      }
    },
    "rollup": {
      "version": "2.57.0",
      "resolved": "https://r.cnpmjs.org/rollup/download/rollup-2.57.0.tgz",
      "integrity": "sha1-wWlEdesi4QIkd8D0Y1/QrIBxMXM=",
      "dev": true,
      "requires": {
        "fsevents": "~2.3.2"
      }
    },
    "source-map": {
      "version": "0.6.1",
      "resolved": "https://r.cnpmjs.org/source-map/download/source-map-0.6.1.tgz",
      "integrity": "sha1-dHIq8y6WFOnCh6jQu95IteLxomM="
    },
    "source-map-js": {
      "version": "0.6.2",
      "resolved": "https://r.cnpmjs.org/source-map-js/download/source-map-js-0.6.2.tgz",
      "integrity": "sha1-C7XeYxtBz72mz7qL0FqA79/SOF4="
    },
    "sourcemap-codec": {
      "version": "1.4.8",
      "resolved": "https://r.cnpmjs.org/sourcemap-codec/download/sourcemap-codec-1.4.8.tgz",
      "integrity": "sha1-6oBL2UhXQC5pktBaOO8a41qatMQ="
    },
    "vite": {
      "version": "2.5.10",
      "resolved": "https://r.cnpmjs.org/vite/download/vite-2.5.10.tgz",
      "integrity": "sha1-xZjjtafhlW/8Uus7NCDRd/wu0qU=",
      "dev": true,
      "requires": {
        "esbuild": "^0.12.17",
        "fsevents": "~2.3.2",
        "postcss": "^8.3.6",
        "resolve": "^1.20.0",
        "rollup": "^2.38.5"
      }
    },
    "vue": {
      "version": "3.2.14",
      "resolved": "https://r.cnpmjs.org/vue/download/vue-3.2.14.tgz",
      "integrity": "sha1-2ld0M/t08yjtWCVccopqG/GW0zc=",
      "requires": {
        "@vue/compiler-dom": "3.2.14",
        "@vue/compiler-sfc": "3.2.14",
        "@vue/runtime-dom": "3.2.14",
        "@vue/server-renderer": "3.2.14",
        "@vue/shared": "3.2.14"
      }
    }
  }
}
